[[package]]
name = "aiocontextvars"
version = "0.2.2"
description = "Asyncio support for PEP-567 contextvars backport."
category = "main"
optional = false
python-versions = ">=3.5"

[package.dependencies]
contextvars = {version = "2.4", markers = "python_version < \"3.7\""}

[[package]]
name = "colorama"
version = "0.4.3"
description = "Cross-platform colored terminal text."
category = "main"
optional = false
python-versions = ">=2.7, !=3.0.*, !=3.1.*, !=3.2.*, !=3.3.*, !=3.4.*"

[[package]]
name = "contextvars"
version = "2.4"
description = "PEP 567 Backport"
category = "main"
optional = false
python-versions = "*"

[package.dependencies]
immutables = ">=0.9"

[[package]]
name = "immutables"
version = "0.14"
description = "Immutable Collections"
category = "main"
optional = false
python-versions = ">=3.5"

[[package]]
name = "loguru"
version = "0.5.0"
description = "Python logging made (stupidly) simple"
category = "main"
optional = false
python-versions = ">=3.5"

[package.dependencies]
aiocontextvars = {version = ">=0.2.0", markers = "python_version < \"3.7\""}
colorama = {version = ">=0.3.4", markers = "sys_platform == \"win32\""}
win32-setctime = {version = ">=1.0.0", markers = "sys_platform == \"win32\""}

[package.extras]
dev = ["codecov (>=2.0.15)", "colorama (>=0.3.4)", "flake8 (>=3.7.7)", "isort (>=4.3.20)", "tox (>=3.9.0)", "tox-travis (>=0.12)", "pytest (>=4.6.2)", "pytest-cov (>=2.7.1)", "Sphinx (>=2.2.1)", "sphinx-autobuild (>=0.7.1)", "sphinx-rtd-theme (>=0.4.3)", "black (>=19.3b0)"]

[[package]]
name = "pillow"
version = "8.0.0"
description = "Python Imaging Library (Fork)"
category = "main"
optional = false
python-versions = ">=3.6"

[[package]]
name = "win32-setctime"
version = "1.0.1"
description = "A small Python utility to set file creation time on Windows"
category = "main"
optional = false
python-versions = ">=3.5"

[package.extras]
dev = ["pytest (>=4.6.2)", "black (>=19.3b0)"]

[metadata]
lock-version = "1.1"
python-versions = "^3.6"
content-hash = "9a99e0453163d9a4b9cd405fc930bbb9877c2f9e4a7909e8f3042cd610b086ce"

[metadata.files]
aiocontextvars = [
    {file = "aiocontextvars-0.2.2-py2.py3-none-any.whl", hash = "sha256:885daf8261818767d8f7cbd79f9d4482d118f024b6586ef6e67980236a27bfa3"},
    {file = "aiocontextvars-0.2.2.tar.gz", hash = "sha256:f027372dc48641f683c559f247bd84962becaacdc9ba711d583c3871fb5652aa"},
]
colorama = [
    {file = "colorama-0.4.3-py2.py3-none-any.whl", hash = "sha256:7d73d2a99753107a36ac6b455ee49046802e59d9d076ef8e47b61499fa29afff"},
    {file = "colorama-0.4.3.tar.gz", hash = "sha256:e96da0d330793e2cb9485e9ddfd918d456036c7149416295932478192f4436a1"},
]
contextvars = [
    {file = "contextvars-2.4.tar.gz", hash = "sha256:f38c908aaa59c14335eeea12abea5f443646216c4e29380d7bf34d2018e2c39e"},
]
immutables = [
    {file = "immutables-0.14-cp35-cp35m-macosx_10_14_x86_64.whl", hash = "sha256:860666fab142401a5535bf65cbd607b46bc5ed25b9d1eb053ca8ed9a1a1a80d6"},
    {file = "immutables-0.14-cp35-cp35m-manylinux1_x86_64.whl", hash = "sha256:ce01788878827c3f0331c254a4ad8d9721489a5e65cc43e19c80040b46e0d297"},
    {file = "immutables-0.14-cp36-cp36m-macosx_10_14_x86_64.whl", hash = "sha256:8797eed4042f4626b0bc04d9cf134208918eb0c937a8193a2c66df5041e62d2e"},
    {file = "immutables-0.14-cp36-cp36m-manylinux1_x86_64.whl", hash = "sha256:33ce2f977da7b5e0dddd93744862404bdb316ffe5853ec853e53141508fa2e6a"},
    {file = "immutables-0.14-cp36-cp36m-win_amd64.whl", hash = "sha256:6c8eace4d98988c72bcb37c05e79aae756832738305ae9497670482a82db08bc"},
    {file = "immutables-0.14-cp37-cp37m-macosx_10_14_x86_64.whl", hash = "sha256:ab6c18b7b2b2abc83e0edc57b0a38bf0915b271582a1eb8c7bed1c20398f8040"},
    {file = "immutables-0.14-cp37-cp37m-manylinux1_x86_64.whl", hash = "sha256:c099212fd6504513a50e7369fe281007c820cf9d7bb22a336486c63d77d6f0b2"},
    {file = "immutables-0.14-cp37-cp37m-win_amd64.whl", hash = "sha256:714aedbdeba4439d91cb5e5735cb10631fc47a7a69ea9cc8ecbac90322d50a4a"},
    {file = "immutables-0.14-cp38-cp38-macosx_10_14_x86_64.whl", hash = "sha256:1c11050c49e193a1ec9dda1747285333f6ba6a30bbeb2929000b9b1192097ec0"},
    {file = "immutables-0.14-cp38-cp38-manylinux1_x86_64.whl", hash = "sha256:c453e12b95e1d6bb4909e8743f88b7f5c0c97b86a8bc0d73507091cb644e3c1e"},
    {file = "immutables-0.14-cp38-cp38-win_amd64.whl", hash = "sha256:ef9da20ec0f1c5853b5c8f8e3d9e1e15b8d98c259de4b7515d789a606af8745e"},
    {file = "immutables-0.14.tar.gz", hash = "sha256:a0a1cc238b678455145bae291d8426f732f5255537ed6a5b7645949704c70a78"},
]
loguru = [
    {file = "loguru-0.5.0-py3-none-any.whl", hash = "sha256:4688d9e1f31d70e1ec7ccce5305967bc28f377eb1048d009108c11faebe05bcf"},
    {file = "loguru-0.5.0.tar.gz", hash = "sha256:1e0e6ff59be5e22f863d909ca989e34bb14c21b374f6af45281e603d003dbb96"},
]
pillow = [
    {file = "Pillow-8.0.0-cp36-cp36m-macosx_10_10_x86_64.whl", hash = "sha256:b04569ff215b85ce3e2954979d2d5e0bf84007e43ddcf84b632fc6bc18e07909"},
    {file = "Pillow-8.0.0-cp36-cp36m-manylinux1_i686.whl", hash = "sha256:594f2f25b7bcfd9542c41b9df156fb5104f19f5fcefa51b1447f1d9f64c9cc14"},
    {file = "Pillow-8.0.0-cp36-cp36m-manylinux1_x86_64.whl", hash = "sha256:87a855b64a9b692604f6339baa4f9913d06838df1b4ccf0cb899dd18f56ec03c"},
    {file = "Pillow-8.0.0-cp36-cp36m-manylinux2014_aarch64.whl", hash = "sha256:b731d45764349313bd956c07bdc1d43803bb0ad2b11354328a074e416c7d84bc"},
    {file = "Pillow-8.0.0-cp36-cp36m-win32.whl", hash = "sha256:30615e9115f976e00a938a28c7152562e8cf8e221ddacf4446dd8b20c0d97333"},
    {file = "Pillow-8.0.0-cp36-cp36m-win_amd64.whl", hash = "sha256:e6ac40f1a62a227eb00226eb64c9c82bc878a3ed700b5414d34c9be57be87e87"},
    {file = "Pillow-8.0.0-cp37-cp37m-macosx_10_10_x86_64.whl", hash = "sha256:2696f1a6402c1a42ed12c5cd8adfb4b381c32d41e35a34b8ee544309ef854172"},
    {file = "Pillow-8.0.0-cp37-cp37m-manylinux1_i686.whl", hash = "sha256:5b5dde5dcedc4e6f5a71d7654a3c6e189ced82e97d7896b1ca5a5c5e4e0e916f"},
    {file = "Pillow-8.0.0-cp37-cp37m-manylinux1_x86_64.whl", hash = "sha256:04d984e45a0b9815f4b407e8aadb50f25fbb82a605d89db927376e94c3adf371"},
    {file = "Pillow-8.0.0-cp37-cp37m-manylinux2014_aarch64.whl", hash = "sha256:6bcea85f93fb2c94a1bcd35704c348a929a7fb24a0ec0cc2b9fcbb0046b87176"},
    {file = "Pillow-8.0.0-cp37-cp37m-win32.whl", hash = "sha256:233513465a2f25fce537b965621866da3d1f02e15708f371dd4e19f0fb7b7711"},
    {file = "Pillow-8.0.0-cp37-cp37m-win_amd64.whl", hash = "sha256:d904570afcdbec40eb6bdbe24cba8d95c0215a2c0cbbc9c16301045bc8504c1f"},
    {file = "Pillow-8.0.0-cp38-cp38-macosx_10_10_x86_64.whl", hash = "sha256:8c006d52365c0a6bb41a07f9c8f9f458ae8170e0af3b8c49bf7089347066b97b"},
    {file = "Pillow-8.0.0-cp38-cp38-manylinux1_i686.whl", hash = "sha256:9b5b41737853bc49943864d5980dfb401a09e78ddb471e71291810ccdeadd712"},
    {file = "Pillow-8.0.0-cp38-cp38-manylinux1_x86_64.whl", hash = "sha256:3a77e7b9f8991b81d7be8e0b2deab05013cf3ebb24ac2b863d2979acb68c73dd"},
    {file = "Pillow-8.0.0-cp38-cp38-manylinux2014_aarch64.whl", hash = "sha256:c41442c3814afeba1f6f16fd70cdf312a2c73c6dee8dc3ac8926bb115713ad1d"},
    {file = "Pillow-8.0.0-cp38-cp38-win32.whl", hash = "sha256:718d7f0eb3351052023b33fe0f83fc9e3beeb7cbacbd0ff2b52524e2153e4598"},
    {file = "Pillow-8.0.0-cp38-cp38-win_amd64.whl", hash = "sha256:7c4a7ee37027ca716f42726b6f9fc491c13c843c7af559e0767dfab1ae9682d4"},
    {file = "Pillow-8.0.0-cp39-cp39-macosx_10_10_x86_64.whl", hash = "sha256:54667c8ab16658cc0b7d824d8706b440d4db8382a3561042758bdfd48ca99298"},
    {file = "Pillow-8.0.0-cp39-cp39-manylinux1_i686.whl", hash = "sha256:1f59596af2b3d64a9e43f9d6509b7a51db744d0eecc23297617c604e6823c6ae"},
    {file = "Pillow-8.0.0-cp39-cp39-manylinux1_x86_64.whl", hash = "sha256:f5270369c799b4405ed47d45c88c09fbd7942fc9fb9891c0dabf0b8c751b625d"},
    {file = "Pillow-8.0.0-cp39-cp39-manylinux2014_aarch64.whl", hash = "sha256:8e29701229705615d3dcfc439c7c46f40f913e57c7fe322b1efc30d3f37d1287"},
    {file = "Pillow-8.0.0-cp39-cp39-win32.whl", hash = "sha256:c12e33cb17e2e12049a49b77696ee479791a4e44e541fdc393ae043e1246389f"},
    {file = "Pillow-8.0.0-cp39-cp39-win_amd64.whl", hash = "sha256:06e730451b70471c08b8a0ee7f18e7e1df310dba9c780bbfb730a13102b143db"},
    {file = "Pillow-8.0.0-pp36-pypy36_pp73-macosx_10_10_x86_64.whl", hash = "sha256:c4d743c5c91424965707c9c8edc58b7cb43c127dcaf191fbcd304e2082eef56a"},
    {file = "Pillow-8.0.0-pp36-pypy36_pp73-manylinux2010_x86_64.whl", hash = "sha256:2ca55a4443b463eec90528ac27be14d226b1c2b972178bc7d4d282ce89e47b6a"},
    {file = "Pillow-8.0.0-pp36-pypy36_pp73-win32.whl", hash = "sha256:e674be2f349ea810e221b0113bd4491f53584ac848d5bcc3b62443cfa11d9c40"},
    {file = "Pillow-8.0.0-pp37-pypy37_pp73-win32.whl", hash = "sha256:d6766fd28f4f47cf93280a57e3dc6a9d11bdada1a6e9f019b8c62b12bbc86f6a"},
    {file = "Pillow-8.0.0.tar.gz", hash = "sha256:59304c67d12394815331eda95ec892bf54ad95e0aa7bc1ccd8e0a4a5a25d4bf3"},
]
win32-setctime = [
    {file = "win32_setctime-1.0.1-py3-none-any.whl", hash = "sha256:568fd636c68350bcc54755213fe01966fe0a6c90b386c0776425944a0382abef"},
    {file = "win32_setctime-1.0.1.tar.gz", hash = "sha256:b47e5023ec7f0b4962950902b15bc56464a380d869f59d27dbf9ab423b23e8f9"},
]
